
Microsoft Visual Studio Solution File, Format Version 12.00
# Visual Studio Version 16
VisualStudioVersion = 16.0.31624.102
MinimumVisualStudioVersion = 10.0.40219.1
Project("{00D1A9C2-B5F0-4AF3-8072-F6C62B433612}") = "Database", "Database\Database.sqlproj", "{01344F6C-588B-4CC4-8031-02E62CC158BF}"
EndProject
Global
	GlobalSection(SolutionConfigurationPlatforms) = preSolution
		Debug|Any CPU = Debug|Any CPU
		Release|Any CPU = Release|Any CPU
	EndGlobalSection
	GlobalSection(ProjectConfigurationPlatforms) = postSolution
		{01344F6C-588B-4CC4-8031-02E62CC158BF}.Debug|Any CPU.ActiveCfg = Debug|Any CPU
		{01344F6C-588B-4CC4-8031-02E62CC158BF}.Debug|Any CPU.Build.0 = Debug|Any CPU
		{01344F6C-588B-4CC4-8031-02E62CC158BF}.Debug|Any CPU.Deploy.0 = Debug|Any CPU
		{01344F6C-588B-4CC4-8031-02E62CC158BF}.Release|Any CPU.ActiveCfg = Release|Any CPU
		{01344F6C-588B-4CC4-8031-02E62CC158BF}.Release|Any CPU.Build.0 = Release|Any CPU
		{01344F6C-588B-4CC4-8031-02E62CC158BF}.Release|Any CPU.Deploy.0 = Release|Any CPU
	EndGlobalSection
	GlobalSection(SolutionProperties) = preSolution
		HideSolutionNode = FALSE
	EndGlobalSection
	GlobalSection(ExtensibilityGlobals) = postSolution
		SolutionGuid = {564F964E-2A21-45FD-AE72-A53572587ACC}
	EndGlobalSection
EndGlobal
